# THIS IS AN AUTOGENERATED FILE. DO NOT EDIT THIS FILE DIRECTLY.
# yarn lockfile v1


"@emmetio/abbreviation@^2.2.3":
  "integrity" "sha512-87pltuCPt99aL+y9xS6GPZ+Wmmyhll2WXH73gG/xpGcQ84DRnptBsI2r0BeIQ0EB/SQTOe2ANPqFqj3Rj5FOGA=="
  "resolved" "https://registry.npmjs.org/@emmetio/abbreviation/-/abbreviation-2.2.3.tgz"
  "version" "2.2.3"
  dependencies:
    "@emmetio/scanner" "^1.0.0"

"@emmetio/css-abbreviation@^2.1.4":
  "integrity" "sha512-qk9L60Y+uRtM5CPbB0y+QNl/1XKE09mSO+AhhSauIfr2YOx/ta3NJw2d8RtCFxgzHeRqFRr8jgyzThbu+MZ4Uw=="
  "resolved" "https://registry.npmjs.org/@emmetio/css-abbreviation/-/css-abbreviation-2.1.4.tgz"
  "version" "2.1.4"
  dependencies:
    "@emmetio/scanner" "^1.0.0"

"@emmetio/scanner@^1.0.0":
  "integrity" "sha512-8HqW8EVqjnCmWXVpqAOZf+EGESdkR27odcMMMGefgKXtar00SoYNSryGv//TELI4T3QFsECo78p+0lmalk/CFA=="
  "resolved" "https://registry.npmjs.org/@emmetio/scanner/-/scanner-1.0.0.tgz"
  "version" "1.0.0"

"@nodelib/fs.scandir@2.1.5":
  "integrity" "sha512-vq24Bq3ym5HEQm2NKCr3yXDwjc7vTsEThRDnkp2DK9p1uqLR+DHurm/NOTo0KG7HYHU7eppKZj3MyqYuMBf62g=="
  "resolved" "https://registry.npmjs.org/@nodelib/fs.scandir/-/fs.scandir-2.1.5.tgz"
  "version" "2.1.5"
  dependencies:
    "@nodelib/fs.stat" "2.0.5"
    "run-parallel" "^1.1.9"

"@nodelib/fs.stat@^2.0.2", "@nodelib/fs.stat@2.0.5":
  "integrity" "sha512-RkhPPp2zrqDAQA/2jNhnztcPAlv64XdhIp7a7454A5ovI7Bukxgt7MX7udwAu3zg1DcpPU0rz3VV1SeaqvY4+A=="
  "resolved" "https://registry.npmjs.org/@nodelib/fs.stat/-/fs.stat-2.0.5.tgz"
  "version" "2.0.5"

"@nodelib/fs.walk@^1.2.3":
  "integrity" "sha512-oGB+UxlgWcgQkgwo8GcEGwemoTFt3FIO9ababBmaGwXIoBKZ+GTy0pP185beGg7Llih/NSHSV2XAs1lnznocSg=="
  "resolved" "https://registry.npmjs.org/@nodelib/fs.walk/-/fs.walk-1.2.8.tgz"
  "version" "1.2.8"
  dependencies:
    "@nodelib/fs.scandir" "2.1.5"
    "fastq" "^1.6.0"

"@small-tech/nodekit-language-server@*":
  "integrity" "sha512-6hrw7u4SRZteoMWuaaFUVRDzu3Nu7G1inwiG5vP7tQvqpHJPyQpnQpKsvL76iz4IV+sgn5xObdS/VtBRGEt+8g=="
  "resolved" "https://registry.npmjs.org/@small-tech/nodekit-language-server/-/nodekit-language-server-0.14.0.tgz"
  "version" "0.14.0"
  dependencies:
    "chokidar" "^3.4.1"
    "estree-walker" "^2.0.1"
    "fast-glob" "^3.2.7"
    "lodash" "^4.17.21"
    "prettier" "2.5.1"
    "prettier-plugin-svelte" "~2.6.0"
    "source-map" "^0.7.3"
    "svelte" "^3.46.1"
    "svelte-preprocess" "~4.10.1"
    "svelte2tsx" "~0.5.0"
    "typescript" "*"
    "vscode-css-languageservice" "~5.1.0"
    "vscode-emmet-helper" "~2.6.0"
    "vscode-html-languageservice" "~4.1.0"
    "vscode-languageserver" "7.1.0-next.4"
    "vscode-languageserver-protocol" "3.16.0"
    "vscode-languageserver-types" "3.16.0"
    "vscode-uri" "~3.0.0"

"@types/node@*":
  "integrity" "sha512-eKj4f/BsN/qcculZiRSujogjvp5O/k4lOW5m35NopjZM/QwLOR075a8pJW5hD+Rtdm2DaCVPENS6KtSQnUD6BA=="
  "resolved" "https://registry.npmjs.org/@types/node/-/node-17.0.18.tgz"
  "version" "17.0.18"

"@types/pug@^2.0.4":
  "integrity" "sha512-SnHmG9wN1UVmagJOnyo/qkk0Z7gejYxOYYmaAwr5u2yFYfsupN3sg10kyzN8Hep/2zbHxCnsumxOoRIRMBwKCg=="
  "resolved" "https://registry.npmjs.org/@types/pug/-/pug-2.0.6.tgz"
  "version" "2.0.6"

"@types/sass@^1.16.0":
  "integrity" "sha512-BPdoIt1lfJ6B7rw35ncdwBZrAssjcwzI5LByIrYs+tpXlj/CAkuVdRsgZDdP4lq5EjyWzwxZCqAoFyHKFwp32g=="
  "resolved" "https://registry.npmjs.org/@types/sass/-/sass-1.43.1.tgz"
  "version" "1.43.1"
  dependencies:
    "@types/node" "*"

"anymatch@~3.1.2":
  "integrity" "sha512-P43ePfOAIupkguHUycrc4qJ9kz8ZiuOUijaETwX7THt0Y/GNK7v0aa8rY816xWjZ7rJdA5XdMcpVFTKMq+RvWg=="
  "resolved" "https://registry.npmjs.org/anymatch/-/anymatch-3.1.2.tgz"
  "version" "3.1.2"
  dependencies:
    "normalize-path" "^3.0.0"
    "picomatch" "^2.0.4"

"balanced-match@^1.0.0":
  "integrity" "sha512-3oSeUO0TMV67hN1AmbXsK4yaqU7tjiHlbxRDZOpH0KW9+CeX4bRAaX0Anxt0tx2MrpRpWwQaPwIlISEJhYU5Pw=="
  "resolved" "https://registry.npmjs.org/balanced-match/-/balanced-match-1.0.2.tgz"
  "version" "1.0.2"

"binary-extensions@^2.0.0":
  "integrity" "sha512-jDctJ/IVQbZoJykoeHbhXpOlNBqGNcwXJKJog42E5HDPUwQTSdjCHdihjj0DlnheQ7blbT6dHOafNAiS8ooQKA=="
  "resolved" "https://registry.npmjs.org/binary-extensions/-/binary-extensions-2.2.0.tgz"
  "version" "2.2.0"

"brace-expansion@^1.1.7":
  "integrity" "sha512-iCuPHDFgrHX7H2vEI/5xpz07zSHB00TpugqhmYtVmMO6518mCuRMoOYFldEBl0g187ufozdaHgWKcYFb61qGiA=="
  "resolved" "https://registry.npmjs.org/brace-expansion/-/brace-expansion-1.1.11.tgz"
  "version" "1.1.11"
  dependencies:
    "balanced-match" "^1.0.0"
    "concat-map" "0.0.1"

"braces@^3.0.1", "braces@~3.0.2":
  "integrity" "sha512-b8um+L1RzM3WDSzvhm6gIz1yfTbBt6YTlcEKAvsmqCZZFw46z626lVj9j1yEPW33H5H+lBQpZMP1k8l+78Ha0A=="
  "resolved" "https://registry.npmjs.org/braces/-/braces-3.0.2.tgz"
  "version" "3.0.2"
  dependencies:
    "fill-range" "^7.0.1"

"buffer-crc32@^0.2.5":
  "integrity" "sha1-DTM+PwDqxQqhRUq9MO+MKl2ackI="
  "resolved" "https://registry.npmjs.org/buffer-crc32/-/buffer-crc32-0.2.13.tgz"
  "version" "0.2.13"

"chokidar@^3.4.1":
  "integrity" "sha512-Dr3sfKRP6oTcjf2JmUmFJfeVMvXBdegxB0iVQ5eb2V10uFJUCAS8OByZdVAyVb8xXNz3GjjTgj9kLWsZTqE6kw=="
  "resolved" "https://registry.npmjs.org/chokidar/-/chokidar-3.5.3.tgz"
  "version" "3.5.3"
  dependencies:
    "anymatch" "~3.1.2"
    "braces" "~3.0.2"
    "glob-parent" "~5.1.2"
    "is-binary-path" "~2.1.0"
    "is-glob" "~4.0.1"
    "normalize-path" "~3.0.0"
    "readdirp" "~3.6.0"
  optionalDependencies:
    "fsevents" "~2.3.2"

"concat-map@0.0.1":
  "integrity" "sha1-2Klr13/Wjfd5OnMDajug1UBdR3s="
  "resolved" "https://registry.npmjs.org/concat-map/-/concat-map-0.0.1.tgz"
  "version" "0.0.1"

"dedent-js@^1.0.1":
  "integrity" "sha1-vuX7fJ5yfYXf+iRZDRDsGrElUwU="
  "resolved" "https://registry.npmjs.org/dedent-js/-/dedent-js-1.0.1.tgz"
  "version" "1.0.1"

"detect-indent@^6.0.0":
  "integrity" "sha512-reYkTUJAZb9gUuZ2RvVCNhVHdg62RHnJ7WJl8ftMi4diZ6NWlciOzQN88pUhSELEwflJht4oQDv0F0BMlwaYtA=="
  "resolved" "https://registry.npmjs.org/detect-indent/-/detect-indent-6.1.0.tgz"
  "version" "6.1.0"

"emmet@^2.3.0":
  "integrity" "sha512-pLS4PBPDdxuUAmw7Me7+TcHbykTsBKN/S9XJbUOMFQrNv9MoshzyMFK/R57JBm94/6HSL4vHnDeEmxlC82NQ4A=="
  "resolved" "https://registry.npmjs.org/emmet/-/emmet-2.3.6.tgz"
  "version" "2.3.6"
  dependencies:
    "@emmetio/abbreviation" "^2.2.3"
    "@emmetio/css-abbreviation" "^2.1.4"

"es6-promise@^3.1.2":
  "integrity" "sha1-oIzd6EzNvzTQJ6FFG8kdS80ophM="
  "resolved" "https://registry.npmjs.org/es6-promise/-/es6-promise-3.3.1.tgz"
  "version" "3.3.1"

"estree-walker@^2.0.1":
  "integrity" "sha512-Rfkk/Mp/DL7JVje3u18FxFujQlTNR2q6QfMSMB7AvCBx91NGj/ba3kCfza0f6dVDbw7YlRf/nDrn7pQrCCyQ/w=="
  "resolved" "https://registry.npmjs.org/estree-walker/-/estree-walker-2.0.2.tgz"
  "version" "2.0.2"

"fast-glob@^3.2.7":
  "integrity" "sha512-xrO3+1bxSo3ZVHAnqzyuewYT6aMFHRAd4Kcs92MAonjwQZLsK9d0SF1IyQ3k5PoirxTW0Oe/RqFgMQ6TcNE5Ew=="
  "resolved" "https://registry.npmjs.org/fast-glob/-/fast-glob-3.2.11.tgz"
  "version" "3.2.11"
  dependencies:
    "@nodelib/fs.stat" "^2.0.2"
    "@nodelib/fs.walk" "^1.2.3"
    "glob-parent" "^5.1.2"
    "merge2" "^1.3.0"
    "micromatch" "^4.0.4"

"fastq@^1.6.0":
  "integrity" "sha512-YpkpUnK8od0o1hmeSc7UUs/eB/vIPWJYjKck2QKIzAf71Vm1AAQ3EbuZB3g2JIy+pg+ERD0vqI79KyZiB2e2Nw=="
  "resolved" "https://registry.npmjs.org/fastq/-/fastq-1.13.0.tgz"
  "version" "1.13.0"
  dependencies:
    "reusify" "^1.0.4"

"fill-range@^7.0.1":
  "integrity" "sha512-qOo9F+dMUmC2Lcb4BbVvnKJxTPjCm+RRpe4gDuGrzkL7mEVl/djYSu2OdQ2Pa302N4oqkSg9ir6jaLWJ2USVpQ=="
  "resolved" "https://registry.npmjs.org/fill-range/-/fill-range-7.0.1.tgz"
  "version" "7.0.1"
  dependencies:
    "to-regex-range" "^5.0.1"

"fs.realpath@^1.0.0":
  "integrity" "sha1-FQStJSMVjKpA20onh8sBQRmU6k8="
  "resolved" "https://registry.npmjs.org/fs.realpath/-/fs.realpath-1.0.0.tgz"
  "version" "1.0.0"

"glob-parent@^5.1.2", "glob-parent@~5.1.2":
  "integrity" "sha512-AOIgSQCepiJYwP3ARnGx+5VnTu2HBYdzbGP45eLw1vr3zB3vZLeyed1sC9hnbcOc9/SrMyM5RPQrkGz4aS9Zow=="
  "resolved" "https://registry.npmjs.org/glob-parent/-/glob-parent-5.1.2.tgz"
  "version" "5.1.2"
  dependencies:
    "is-glob" "^4.0.1"

"glob@^7.1.3":
  "integrity" "sha512-lmLf6gtyrPq8tTjSmrO94wBeQbFR3HbLHbuyD69wuyQkImp2hWqMGB47OX65FBkPffO641IP9jWa1z4ivqG26Q=="
  "resolved" "https://registry.npmjs.org/glob/-/glob-7.2.0.tgz"
  "version" "7.2.0"
  dependencies:
    "fs.realpath" "^1.0.0"
    "inflight" "^1.0.4"
    "inherits" "2"
    "minimatch" "^3.0.4"
    "once" "^1.3.0"
    "path-is-absolute" "^1.0.0"

"graceful-fs@^4.1.3":
  "integrity" "sha512-NtNxqUcXgpW2iMrfqSfR73Glt39K+BLwWsPs94yR63v45T0Wbej7eRmL5cWfwEgqXnmjQp3zaJTshdRW/qC2ZQ=="
  "resolved" "https://registry.npmjs.org/graceful-fs/-/graceful-fs-4.2.9.tgz"
  "version" "4.2.9"

"inflight@^1.0.4":
  "integrity" "sha1-Sb1jMdfQLQwJvJEKEHW6gWW1bfk="
  "resolved" "https://registry.npmjs.org/inflight/-/inflight-1.0.6.tgz"
  "version" "1.0.6"
  dependencies:
    "once" "^1.3.0"
    "wrappy" "1"

"inherits@2":
  "integrity" "sha512-k/vGaX4/Yla3WzyMCvTQOXYeIHvqOKtnqBduzTHpzpQZzAskKMhZ2K+EnBiSM9zGSoIFeMpXKxa4dYeZIQqewQ=="
  "resolved" "https://registry.npmjs.org/inherits/-/inherits-2.0.4.tgz"
  "version" "2.0.4"

"is-binary-path@~2.1.0":
  "integrity" "sha512-ZMERYes6pDydyuGidse7OsHxtbI7WVeUEozgR/g7rd0xUimYNlvZRE/K2MgZTjWy725IfelLeVcEM97mmtRGXw=="
  "resolved" "https://registry.npmjs.org/is-binary-path/-/is-binary-path-2.1.0.tgz"
  "version" "2.1.0"
  dependencies:
    "binary-extensions" "^2.0.0"

"is-extglob@^2.1.1":
  "integrity" "sha1-qIwCU1eR8C7TfHahueqXc8gz+MI="
  "resolved" "https://registry.npmjs.org/is-extglob/-/is-extglob-2.1.1.tgz"
  "version" "2.1.1"

"is-glob@^4.0.1", "is-glob@~4.0.1":
  "integrity" "sha512-xelSayHH36ZgE7ZWhli7pW34hNbNl8Ojv5KVmkJD4hBdD3th8Tfk9vYasLM+mXWOZhFkgZfxhLSnrwRr4elSSg=="
  "resolved" "https://registry.npmjs.org/is-glob/-/is-glob-4.0.3.tgz"
  "version" "4.0.3"
  dependencies:
    "is-extglob" "^2.1.1"

"is-number@^7.0.0":
  "integrity" "sha512-41Cifkg6e8TylSpdtTpeLVMqvSBEVzTttHvERD741+pnZ8ANv0004MRL43QKPDlK9cGvNp6NZWZUBlbGXYxxng=="
  "resolved" "https://registry.npmjs.org/is-number/-/is-number-7.0.0.tgz"
  "version" "7.0.0"

"jsonc-parser@^2.3.0":
  "integrity" "sha512-H8jvkz1O50L3dMZCsLqiuB2tA7muqbSg1AtGEkN0leAqGjsUzDJir3Zwr02BhqdcITPg3ei3mZ+HjMocAknhhg=="
  "resolved" "https://registry.npmjs.org/jsonc-parser/-/jsonc-parser-2.3.1.tgz"
  "version" "2.3.1"

"lodash@^4.17.21":
  "integrity" "sha512-v2kDEe57lecTulaDIuNTPy3Ry4gLGJ6Z1O3vE1krgXZNrsQ+LFTGHVxVjcXPs17LhbZVGedAJv8XZ1tvj5FvSg=="
  "resolved" "https://registry.npmjs.org/lodash/-/lodash-4.17.21.tgz"
  "version" "4.17.21"

"lower-case@^2.0.2":
  "integrity" "sha512-7fm3l3NAF9WfN6W3JOmf5drwpVqX78JtoGJ3A6W0a6ZnldM41w2fV5D490psKFTpMds8TJse/eHLFFsNHHjHgg=="
  "resolved" "https://registry.npmjs.org/lower-case/-/lower-case-2.0.2.tgz"
  "version" "2.0.2"
  dependencies:
    "tslib" "^2.0.3"

"lru-cache@^6.0.0":
  "integrity" "sha512-Jo6dJ04CmSjuznwJSS3pUeWmd/H0ffTlkXXgwZi+eq1UCmqQwCh+eLsYOYCwY991i2Fah4h1BEMCx4qThGbsiA=="
  "resolved" "https://registry.npmjs.org/lru-cache/-/lru-cache-6.0.0.tgz"
  "version" "6.0.0"
  dependencies:
    "yallist" "^4.0.0"

"magic-string@^0.25.7":
  "integrity" "sha512-4CrMT5DOHTDk4HYDlzmwu4FVCcIYI8gauveasrdCu2IKIFOJ3f0v/8MDGJCDL9oD2ppz/Av1b0Nj345H9M+XIA=="
  "resolved" "https://registry.npmjs.org/magic-string/-/magic-string-0.25.7.tgz"
  "version" "0.25.7"
  dependencies:
    "sourcemap-codec" "^1.4.4"

"merge2@^1.3.0":
  "integrity" "sha512-8q7VEgMJW4J8tcfVPy8g09NcQwZdbwFEqhe/WZkoIzjn/3TGDwtOCYtXGxA3O8tPzpczCCDgv+P2P5y00ZJOOg=="
  "resolved" "https://registry.npmjs.org/merge2/-/merge2-1.4.1.tgz"
  "version" "1.4.1"

"micromatch@^4.0.4":
  "integrity" "sha512-pRmzw/XUcwXGpD9aI9q/0XOwLNygjETJ8y0ao0wdqprrzDa4YnxLcz7fQRZr8voh8V10kGhABbNcHVk5wHgWwg=="
  "resolved" "https://registry.npmjs.org/micromatch/-/micromatch-4.0.4.tgz"
  "version" "4.0.4"
  dependencies:
    "braces" "^3.0.1"
    "picomatch" "^2.2.3"

"min-indent@^1.0.0":
  "integrity" "sha512-I9jwMn07Sy/IwOj3zVkVik2JTvgpaykDZEigL6Rx6N9LbMywwUSMtxET+7lVoDLLd3O3IXwJwvuuns8UB/HeAg=="
  "resolved" "https://registry.npmjs.org/min-indent/-/min-indent-1.0.1.tgz"
  "version" "1.0.1"

"minimatch@^3.0.4":
  "integrity" "sha512-reLxBcKUPNBnc/sVtAbxgRVFSegoGeLaSjmphNhcwcolhYLRgtJscn5mRl6YRZNQv40Y7P6JM2YhSIsbL9OB5A=="
  "resolved" "https://registry.npmjs.org/minimatch/-/minimatch-3.1.1.tgz"
  "version" "3.1.1"
  dependencies:
    "brace-expansion" "^1.1.7"

"minimist@^1.2.0", "minimist@^1.2.5":
  "integrity" "sha512-FM9nNUYrRBAELZQT3xeZQ7fmMOBg6nWNmJKTcgsJeaLstP/UODVpGsr5OhXhhXg6f+qtJ8uiZ+PUxkDWcgIXLw=="
  "resolved" "https://registry.npmjs.org/minimist/-/minimist-1.2.5.tgz"
  "version" "1.2.5"

"mkdirp@^0.5.1":
  "integrity" "sha512-NKmAlESf6jMGym1++R0Ra7wvhV+wFW63FaSOFPwRahvea0gMUcGUhVeAg/0BC0wiv9ih5NYPB1Wn1UEI1/L+xQ=="
  "resolved" "https://registry.npmjs.org/mkdirp/-/mkdirp-0.5.5.tgz"
  "version" "0.5.5"
  dependencies:
    "minimist" "^1.2.5"

"no-case@^3.0.4":
  "integrity" "sha512-fgAN3jGAh+RoxUGZHTSOLJIqUc2wmoBwGR4tbpNAKmmovFoWq0OdRkb0VkldReO2a2iBT/OEulG9XSUc10r3zg=="
  "resolved" "https://registry.npmjs.org/no-case/-/no-case-3.0.4.tgz"
  "version" "3.0.4"
  dependencies:
    "lower-case" "^2.0.2"
    "tslib" "^2.0.3"

"normalize-path@^3.0.0", "normalize-path@~3.0.0":
  "integrity" "sha512-6eZs5Ls3WtCisHWp9S2GUy8dqkpGi4BVSz3GaqiE6ezub0512ESztXUwUB6C6IKbQkY2Pnb/mD4WYojCRwcwLA=="
  "resolved" "https://registry.npmjs.org/normalize-path/-/normalize-path-3.0.0.tgz"
  "version" "3.0.0"

"once@^1.3.0":
  "integrity" "sha1-WDsap3WWHUsROsF9nFC6753Xa9E="
  "resolved" "https://registry.npmjs.org/once/-/once-1.4.0.tgz"
  "version" "1.4.0"
  dependencies:
    "wrappy" "1"

"pascal-case@^3.1.1":
  "integrity" "sha512-uWlGT3YSnK9x3BQJaOdcZwrnV6hPpd8jFH1/ucpiLRPh/2zCVJKS19E4GvYHvaCcACn3foXZ0cLB9Wrx1KGe5g=="
  "resolved" "https://registry.npmjs.org/pascal-case/-/pascal-case-3.1.2.tgz"
  "version" "3.1.2"
  dependencies:
    "no-case" "^3.0.4"
    "tslib" "^2.0.3"

"path-is-absolute@^1.0.0":
  "integrity" "sha1-F0uSaHNVNP+8es5r9TpanhtcX18="
  "resolved" "https://registry.npmjs.org/path-is-absolute/-/path-is-absolute-1.0.1.tgz"
  "version" "1.0.1"

"picomatch@^2.0.4", "picomatch@^2.2.1", "picomatch@^2.2.3":
  "integrity" "sha512-JU3teHTNjmE2VCGFzuY8EXzCDVwEqB2a8fsIvwaStHhAWJEeVd1o1QD80CU6+ZdEXXSLbSsuLwJjkCBWqRQUVA=="
  "resolved" "https://registry.npmjs.org/picomatch/-/picomatch-2.3.1.tgz"
  "version" "2.3.1"

"prettier-plugin-svelte@~2.6.0":
  "integrity" "sha512-NPSRf6Y5rufRlBleok/pqg4+1FyGsL0zYhkYP6hnueeL1J/uCm3OfOZPsLX4zqD9VAdcXfyEL2PYqGv8ZoOSfA=="
  "resolved" "https://registry.npmjs.org/prettier-plugin-svelte/-/prettier-plugin-svelte-2.6.0.tgz"
  "version" "2.6.0"

"prettier@^1.16.4 || ^2.0.0", "prettier@2.5.1":
  "integrity" "sha512-vBZcPRUR5MZJwoyi3ZoyQlc1rXeEck8KgeC9AwwOn+exuxLxq5toTRDTSaVrXHxelDMHy9zlicw8u66yxoSUFg=="
  "resolved" "https://registry.npmjs.org/prettier/-/prettier-2.5.1.tgz"
  "version" "2.5.1"

"queue-microtask@^1.2.2":
  "integrity" "sha512-NuaNSa6flKT5JaSYQzJok04JzTL1CA6aGhv5rfLW3PgqA+M2ChpZQnAC8h8i4ZFkBS8X5RqkDBHA7r4hej3K9A=="
  "resolved" "https://registry.npmjs.org/queue-microtask/-/queue-microtask-1.2.3.tgz"
  "version" "1.2.3"

"readdirp@~3.6.0":
  "integrity" "sha512-hOS089on8RduqdbhvQ5Z37A0ESjsqz6qnRcffsMU3495FuTdqSm+7bhJ29JvIOsBDEEnan5DPu9t3To9VRlMzA=="
  "resolved" "https://registry.npmjs.org/readdirp/-/readdirp-3.6.0.tgz"
  "version" "3.6.0"
  dependencies:
    "picomatch" "^2.2.1"

"reusify@^1.0.4":
  "integrity" "sha512-U9nH88a3fc/ekCF1l0/UP1IosiuIjyTh7hBvXVMHYgVcfGvt897Xguj2UOLDeI5BG2m7/uwyaLVT6fbtCwTyzw=="
  "resolved" "https://registry.npmjs.org/reusify/-/reusify-1.0.4.tgz"
  "version" "1.0.4"

"rimraf@^2.5.2":
  "integrity" "sha512-uWjbaKIK3T1OSVptzX7Nl6PvQ3qAGtKEtVRjRuazjfL3Bx5eI409VZSqgND+4UNnmzLVdPj9FqFJNPqBZFve4w=="
  "resolved" "https://registry.npmjs.org/rimraf/-/rimraf-2.7.1.tgz"
  "version" "2.7.1"
  dependencies:
    "glob" "^7.1.3"

"run-parallel@^1.1.9":
  "integrity" "sha512-5l4VyZR86LZ/lDxZTR6jqL8AFE2S0IFLMP26AbjsLVADxHdhB/c0GUsH+y39UfCi3dzz8OlQuPmnaJOMoDHQBA=="
  "resolved" "https://registry.npmjs.org/run-parallel/-/run-parallel-1.2.0.tgz"
  "version" "1.2.0"
  dependencies:
    "queue-microtask" "^1.2.2"

"sander@^0.5.0":
  "integrity" "sha1-dB4kXiMfB8r7b98PEzrfohalAq0="
  "resolved" "https://registry.npmjs.org/sander/-/sander-0.5.1.tgz"
  "version" "0.5.1"
  dependencies:
    "es6-promise" "^3.1.2"
    "graceful-fs" "^4.1.3"
    "mkdirp" "^0.5.1"
    "rimraf" "^2.5.2"

"semver@^7.3.4":
  "integrity" "sha512-PoeGJYh8HK4BTO/a9Tf6ZG3veo/A7ZVsYrSA6J8ny9nb3B1VrpkuN+z9OE5wfE5p6H4LchYZsegiQgbJD94ZFQ=="
  "resolved" "https://registry.npmjs.org/semver/-/semver-7.3.5.tgz"
  "version" "7.3.5"
  dependencies:
    "lru-cache" "^6.0.0"

"sorcery@^0.10.0":
  "integrity" "sha1-iukK19fLBfxZ8asMY3hF1cFaUrc="
  "resolved" "https://registry.npmjs.org/sorcery/-/sorcery-0.10.0.tgz"
  "version" "0.10.0"
  dependencies:
    "buffer-crc32" "^0.2.5"
    "minimist" "^1.2.0"
    "sander" "^0.5.0"
    "sourcemap-codec" "^1.3.0"

"source-map@^0.7.3":
  "integrity" "sha512-CkCj6giN3S+n9qrYiBTX5gystlENnRW5jZeNLHpe6aue+SrHcG5VYwujhW9s4dY31mEGsxBDrHR6oI69fTXsaQ=="
  "resolved" "https://registry.npmjs.org/source-map/-/source-map-0.7.3.tgz"
  "version" "0.7.3"

"sourcemap-codec@^1.3.0", "sourcemap-codec@^1.4.4", "sourcemap-codec@^1.4.8":
  "integrity" "sha512-9NykojV5Uih4lgo5So5dtw+f0JgJX30KCNI8gwhz2J9A15wD0Ml6tjHKwf6fTSa6fAdVBdZeNOs9eJ71qCk8vA=="
  "resolved" "https://registry.npmjs.org/sourcemap-codec/-/sourcemap-codec-1.4.8.tgz"
  "version" "1.4.8"

"strip-indent@^3.0.0":
  "integrity" "sha512-laJTa3Jb+VQpaC6DseHhF7dXVqHTfJPCRDaEbid/drOhgitgYku/letMUqOXFoWV0zIIUbjpdH2t+tYj4bQMRQ=="
  "resolved" "https://registry.npmjs.org/strip-indent/-/strip-indent-3.0.0.tgz"
  "version" "3.0.0"
  dependencies:
    "min-indent" "^1.0.0"

"svelte-preprocess@~4.10.1":
  "integrity" "sha512-ttw17lJfb/dx2ZJT9sesaXT5l7mPQ9Apx1H496Kli3Hkk7orIRGpOw6rCPkRNzr6ueVPqb4vzodS5x7sBFhKHw=="
  "resolved" "https://registry.npmjs.org/svelte-preprocess/-/svelte-preprocess-4.10.3.tgz"
  "version" "4.10.3"
  dependencies:
    "@types/pug" "^2.0.4"
    "@types/sass" "^1.16.0"
    "detect-indent" "^6.0.0"
    "magic-string" "^0.25.7"
    "sorcery" "^0.10.0"
    "strip-indent" "^3.0.0"

"svelte@^3.2.0", "svelte@^3.23.0", "svelte@^3.24", "svelte@^3.46.1":
  "integrity" "sha512-qKJzw6DpA33CIa+C/rGp4AUdSfii0DOTCzj/2YpSKKayw5WGSS624Et9L1nU1k2OVRS9vaENQXp2CVZNU+xvIg=="
  "resolved" "https://registry.npmjs.org/svelte/-/svelte-3.46.4.tgz"
  "version" "3.46.4"

"svelte2tsx@~0.5.0":
  "integrity" "sha512-MDt3Qls3JmLYdYXxM45ehGAw+dflUh8raswXAu6Xtdg0omJQrbQgqO0Z89jKvqDuPZpNYL3aJ7ZRy1jRW4x0rA=="
  "resolved" "https://registry.npmjs.org/svelte2tsx/-/svelte2tsx-0.5.3.tgz"
  "version" "0.5.3"
  dependencies:
    "dedent-js" "^1.0.1"
    "pascal-case" "^3.1.1"

"to-regex-range@^5.0.1":
  "integrity" "sha512-65P7iz6X5yEr1cwcgvQxbbIw7Uk3gOy5dIdtZ4rDveLqhrdJP+Li/Hx6tyK0NEb+2GCyneCMJiGqrADCSNk8sQ=="
  "resolved" "https://registry.npmjs.org/to-regex-range/-/to-regex-range-5.0.1.tgz"
  "version" "5.0.1"
  dependencies:
    "is-number" "^7.0.0"

"tslib@^2.0.3":
  "integrity" "sha512-77EbyPPpMz+FRFRuAFlWMtmgUWGe9UOG2Z25NqCwiIjRhOf5iKGuzSe5P2w1laq+FkRy4p+PCuVkJSGkzTEKVw=="
  "resolved" "https://registry.npmjs.org/tslib/-/tslib-2.3.1.tgz"
  "version" "2.3.1"

"typescript-svelte-plugin@*":
  "integrity" "sha512-jK6zIVtKu9xacWAa/VL4h3wo5ai8dboU0+XGeSfFZ2U1NIBYWwEfxD1NKR7S+AmV+uk/Tan/v+9cc8Y5+ViTww=="
  "resolved" "https://registry.npmjs.org/typescript-svelte-plugin/-/typescript-svelte-plugin-0.3.0.tgz"
  "version" "0.3.0"
  dependencies:
    "sourcemap-codec" "^1.4.8"
    "svelte2tsx" "~0.5.0"

"typescript@*", "typescript@^3.9.5 || ^4.0.0", "typescript@^4.1.2":
  "integrity" "sha512-TCTIul70LyWe6IJWT8QSYeA54WQe8EjQFU4wY52Fasj5UKx88LNYKCgBEHcOMOrFF1rKGbD8v/xcNWVUq9SymA=="
  "resolved" "https://registry.npmjs.org/typescript/-/typescript-4.5.5.tgz"
  "version" "4.5.5"

"vscode-css-languageservice@~5.1.0":
  "integrity" "sha512-FA0foqMzMmEoO0WJP+MjoD4dRERhKS+Ag+yBrtmWQDmw2OuZ1R/5FkvI/XdTkCpHmTD9VMczugpHRejQyTXCNQ=="
  "resolved" "https://registry.npmjs.org/vscode-css-languageservice/-/vscode-css-languageservice-5.1.13.tgz"
  "version" "5.1.13"
  dependencies:
    "vscode-languageserver-textdocument" "^1.0.1"
    "vscode-languageserver-types" "^3.16.0"
    "vscode-nls" "^5.0.0"
    "vscode-uri" "^3.0.2"

"vscode-emmet-helper@~2.6.0":
  "integrity" "sha512-fP0nunW1RUWEKGf4gqiYLOVNFFGXSRHjCl0pikxtwCFlty8WwimM+RBJ5o0aIiwerrYD30HqeaVyvDW027Sseg=="
  "resolved" "https://registry.npmjs.org/vscode-emmet-helper/-/vscode-emmet-helper-2.6.4.tgz"
  "version" "2.6.4"
  dependencies:
    "emmet" "^2.3.0"
    "jsonc-parser" "^2.3.0"
    "vscode-languageserver-textdocument" "^1.0.1"
    "vscode-languageserver-types" "^3.15.1"
    "vscode-nls" "^5.0.0"
    "vscode-uri" "^2.1.2"

"vscode-html-languageservice@~4.1.0":
  "integrity" "sha512-rrDyCiOgMwOPgchpPGAeLzjYVVEW/Ror2/a1BWUEI3S9+NQhA9vj4SQkzmH6g2Bq9S9SV0OQeadD+xphOf1N3w=="
  "resolved" "https://registry.npmjs.org/vscode-html-languageservice/-/vscode-html-languageservice-4.1.1.tgz"
  "version" "4.1.1"
  dependencies:
    "vscode-languageserver-textdocument" "^1.0.1"
    "vscode-languageserver-types" "^3.16.0"
    "vscode-nls" "^5.0.0"
    "vscode-uri" "^3.0.2"

"vscode-jsonrpc@6.0.0":
  "integrity" "sha512-wnJA4BnEjOSyFMvjZdpiOwhSq9uDoK8e/kpRJDTaMYzwlkrhG1fwDIZI94CLsLzlCK5cIbMMtFlJlfR57Lavmg=="
  "resolved" "https://registry.npmjs.org/vscode-jsonrpc/-/vscode-jsonrpc-6.0.0.tgz"
  "version" "6.0.0"

"vscode-jsonrpc@6.1.0-next.2":
  "integrity" "sha512-nkiNDGI+Ytp7uj1lxHXddXCoEunhcry1D+KmVHBfUUgWT9jMF8ZJyH5KQObdF+OGAh7bXZxD/SV4uGwSCeHHWA=="
  "resolved" "https://registry.npmjs.org/vscode-jsonrpc/-/vscode-jsonrpc-6.1.0-next.2.tgz"
  "version" "6.1.0-next.2"

"vscode-languageclient@^7.0.0":
  "integrity" "sha512-P9AXdAPlsCgslpP9pRxYPqkNYV7Xq8300/aZDpO35j1fJm/ncize8iGswzYlcvFw5DQUx4eVk+KvfXdL0rehNg=="
  "resolved" "https://registry.npmjs.org/vscode-languageclient/-/vscode-languageclient-7.0.0.tgz"
  "version" "7.0.0"
  dependencies:
    "minimatch" "^3.0.4"
    "semver" "^7.3.4"
    "vscode-languageserver-protocol" "3.16.0"

"vscode-languageserver-protocol@3.16.0":
  "integrity" "sha512-sdeUoAawceQdgIfTI+sdcwkiK2KU+2cbEYA0agzM2uqaUy2UpnnGHtWTHVEtS0ES4zHU0eMFRGN+oQgDxlD66A=="
  "resolved" "https://registry.npmjs.org/vscode-languageserver-protocol/-/vscode-languageserver-protocol-3.16.0.tgz"
  "version" "3.16.0"
  dependencies:
    "vscode-jsonrpc" "6.0.0"
    "vscode-languageserver-types" "3.16.0"

"vscode-languageserver-protocol@3.17.0-next.5":
  "integrity" "sha512-LFZ6WMB3iPezQAU9OnGoERzcIVKhcs0OLfD/NHcqSj3g1wgxuLUL5kSlZbbjFySQCmhzm6b0yb3hjTSeBtq1+w=="
  "resolved" "https://registry.npmjs.org/vscode-languageserver-protocol/-/vscode-languageserver-protocol-3.17.0-next.5.tgz"
  "version" "3.17.0-next.5"
  dependencies:
    "vscode-jsonrpc" "6.1.0-next.2"
    "vscode-languageserver-types" "3.17.0-next.1"

"vscode-languageserver-textdocument@^1.0.1":
  "integrity" "sha512-/xhqXP/2A2RSs+J8JNXpiiNVvvNM0oTosNVmQnunlKvq9o4mupHOBAnnzH0lwIPKazXKvAKsVp1kr+H/K4lgoQ=="
  "resolved" "https://registry.npmjs.org/vscode-languageserver-textdocument/-/vscode-languageserver-textdocument-1.0.4.tgz"
  "version" "1.0.4"

"vscode-languageserver-types@^3.15.1", "vscode-languageserver-types@^3.16.0", "vscode-languageserver-types@3.16.0":
  "integrity" "sha512-k8luDIWJWyenLc5ToFQQMaSrqCHiLwyKPHKPQZ5zz21vM+vIVUSvsRpcbiECH4WR88K2XZqc4ScRcZ7nk/jbeA=="
  "resolved" "https://registry.npmjs.org/vscode-languageserver-types/-/vscode-languageserver-types-3.16.0.tgz"
  "version" "3.16.0"

"vscode-languageserver-types@3.17.0-next.1":
  "integrity" "sha512-VGzh06oynbYa6JbTKUbxOEZN7CYEtWhN7DK5wfzUpeCJl8X8xZX39g2PVfpqXrIEduu7dcJgK007KgnX9tHNKA=="
  "resolved" "https://registry.npmjs.org/vscode-languageserver-types/-/vscode-languageserver-types-3.17.0-next.1.tgz"
  "version" "3.17.0-next.1"

"vscode-languageserver@7.1.0-next.4":
  "integrity" "sha512-/65lxR/CuLJoOdzTjOTYUPWS7k5qzaWese4PObnWc6jwLryUrSa7DslYfaRXigh5/xr1nlaUZCcJwkpgM0wFvw=="
  "resolved" "https://registry.npmjs.org/vscode-languageserver/-/vscode-languageserver-7.1.0-next.4.tgz"
  "version" "7.1.0-next.4"
  dependencies:
    "vscode-languageserver-protocol" "3.17.0-next.5"

"vscode-nls@^5.0.0":
  "integrity" "sha512-u0Lw+IYlgbEJFF6/qAqG2d1jQmJl0eyAGJHoAJqr2HT4M2BNuQYSEiSE75f52pXHSJm8AlTjnLLbBFPrdz2hpA=="
  "resolved" "https://registry.npmjs.org/vscode-nls/-/vscode-nls-5.0.0.tgz"
  "version" "5.0.0"

"vscode-uri@^2.1.2":
  "integrity" "sha512-8TEXQxlldWAuIODdukIb+TR5s+9Ds40eSJrw+1iDDA9IFORPjMELarNQE3myz5XIkWWpdprmJjm1/SxMlWOC8A=="
  "resolved" "https://registry.npmjs.org/vscode-uri/-/vscode-uri-2.1.2.tgz"
  "version" "2.1.2"

"vscode-uri@^3.0.2", "vscode-uri@~3.0.0":
  "integrity" "sha512-EcswR2S8bpR7fD0YPeS7r2xXExrScVMxg4MedACaWHEtx9ftCF/qHG1xGkolzTPcEmjTavCQgbVzHUIdTMzFGA=="
  "resolved" "https://registry.npmjs.org/vscode-uri/-/vscode-uri-3.0.3.tgz"
  "version" "3.0.3"

"wrappy@1":
  "integrity" "sha1-tSQ9jz7BqjXxNkYFvA0QNuMKtp8="
  "resolved" "https://registry.npmjs.org/wrappy/-/wrappy-1.0.2.tgz"
  "version" "1.0.2"

"yallist@^4.0.0":
  "integrity" "sha512-3wdGidZyq5PB084XLES5TpOSRA3wjXAlIWMhum2kRcv/41Sn2emQ0dycQW4uZXLejwKvg6EsvbdlVL+FYEct7A=="
  "resolved" "https://registry.npmjs.org/yallist/-/yallist-4.0.0.tgz"
  "version" "4.0.0"
